{
  "nodes": {
    "flake-utils": {
      "locked": {
        "lastModified": 1667395993,
        "narHash": "sha256-nuEHfE/LcWyuSWnS8t12N1wc105Qtau+/OdUAjtQ0rA=",
        "owner": "numtide",
        "repo": "flake-utils",
        "rev": "5aed5285a952e0b949eb3ba02c12fa4fcfef535f",
        "type": "github"
      },
      "original": {
        "owner": "numtide",
        "repo": "flake-utils",
        "type": "github"
      }
    },
    "flake-utils_2": {
      "locked": {
        "lastModified": 1667395993,
        "narHash": "sha256-nuEHfE/LcWyuSWnS8t12N1wc105Qtau+/OdUAjtQ0rA=",
        "owner": "numtide",
        "repo": "flake-utils",
        "rev": "5aed5285a952e0b949eb3ba02c12fa4fcfef535f",
        "type": "github"
      },
      "original": {
        "owner": "numtide",
        "repo": "flake-utils",
        "type": "github"
      }
    },
    "nixpkgs": {
      "locked": {
        "lastModified": 1670827406,
        "narHash": "sha256-nLNk7uiLbhbvb4TVz67XK7+Ezr1zcWYDWmNrWGmEUqA=",
        "owner": "NixOS",
        "repo": "nixpkgs",
        "rev": "ffca9ffaaafb38c8979068cee98b2644bd3f14cb",
        "type": "github"
      },
      "original": {
        "id": "nixpkgs",
        "type": "indirect"
      }
    },
    "nixpkgs_2": {
      "locked": {
        "lastModified": 1669261230,
        "narHash": "sha256-AjddxRPd5y5jge77281P3O8+Cnafj842Xg59rwV4x+0=",
        "owner": "NixOS",
        "repo": "nixpkgs",
        "rev": "8e8b5f3b1e899bf5d250279578c0283705b8cdb4",
        "type": "github"
      },
      "original": {
        "id": "nixpkgs",
        "type": "indirect"
      }
    },
    "root": {
      "inputs": {
        "flake-utils": "flake-utils",
        "nixpkgs": "nixpkgs",
        "tools": "tools"
      }
    },
    "tools": {
      "inputs": {
        "flake-utils": "flake-utils_2",
        "nixpkgs": "nixpkgs_2"
      },
      "locked": {
        "lastModified": 1670842919,
        "narHash": "sha256-4SpFhzzGGg7yppVCZvx0rDdVScXc/m6rZe4BYnNoOQ4=",
        "ref": "refs/heads/main",
        "rev": "79301872e58bf199118ba163d95f54e6fbefcd75",
        "revCount": 11,
        "type": "git",
        "url": "https://git.pleshevski.ru/mynix/tools"
      },
      "original": {
        "type": "git",
        "url": "https://git.pleshevski.ru/mynix/tools"
      }
    }
  },
  "root": "root",
  "version": 7
}
